
Microsoft Visual Studio Solution File, Format Version 12.00
# Visual Studio Version 16
VisualStudioVersion = 16.0.30011.22
MinimumVisualStudioVersion = 10.0.40219.1
Project("{FAE04EC0-301F-11D3-BF4B-00C04F79EFBC}") = "Osu!ModeManager", "Osu!ModeManager.csproj", "{E75B9E2D-C4F2-426A-9D24-FA66919E1DD3}"
EndProject
Global
	GlobalSection(SolutionConfigurationPlatforms) = preSolution
		Debug|Any CPU = Debug|Any CPU
		Release|Any CPU = Release|Any CPU
	EndGlobalSection
	GlobalSection(ProjectConfigurationPlatforms) = postSolution
		{E75B9E2D-C4F2-426A-9D24-FA66919E1DD3}.Debug|Any CPU.ActiveCfg = Debug|Any CPU
		{E75B9E2D-C4F2-426A-9D24-FA66919E1DD3}.Debug|Any CPU.Build.0 = Debug|Any CPU
		{E75B9E2D-C4F2-426A-9D24-FA66919E1DD3}.Release|Any CPU.ActiveCfg = Release|Any CPU
		{E75B9E2D-C4F2-426A-9D24-FA66919E1DD3}.Release|Any CPU.Build.0 = Release|Any CPU
	EndGlobalSection
	GlobalSection(SolutionProperties) = preSolution
		HideSolutionNode = FALSE
	EndGlobalSection
	GlobalSection(ExtensibilityGlobals) = postSolution
		SolutionGuid = {3A09B37A-1416-4F16-8447-06BA5FF57D53}
	EndGlobalSection
EndGlobal
